
Microsoft Visual Studio Solution File, Format Version 12.00
# Visual Studio Version 17
VisualStudioVersion = 17.2.32519.379
MinimumVisualStudioVersion = 10.0.40219.1
Project("{FAE04EC0-301F-11D3-BF4B-00C04F79EFBC}") = "thetestgitcmds", "thetestgitcmds\thetestgitcmds.csproj", "{4ACEDD5B-A61F-4420-9AC1-3919172E75CF}"
EndProject
Global
	GlobalSection(SolutionConfigurationPlatforms) = preSolution
		Debug|Any CPU = Debug|Any CPU
		Release|Any CPU = Release|Any CPU
	EndGlobalSection
	GlobalSection(ProjectConfigurationPlatforms) = postSolution
		{4ACEDD5B-A61F-4420-9AC1-3919172E75CF}.Debug|Any CPU.ActiveCfg = Debug|Any CPU
		{4ACEDD5B-A61F-4420-9AC1-3919172E75CF}.Debug|Any CPU.Build.0 = Debug|Any CPU
		{4ACEDD5B-A61F-4420-9AC1-3919172E75CF}.Release|Any CPU.ActiveCfg = Release|Any CPU
		{4ACEDD5B-A61F-4420-9AC1-3919172E75CF}.Release|Any CPU.Build.0 = Release|Any CPU
	EndGlobalSection
	GlobalSection(SolutionProperties) = preSolution
		HideSolutionNode = FALSE
	EndGlobalSection
	GlobalSection(ExtensibilityGlobals) = postSolution
		SolutionGuid = {F304AAD1-173E-432D-88E5-87CC90D09DFC}
	EndGlobalSection
EndGlobal
